
Microsoft Visual Studio Solution File, Format Version 12.00
# Visual Studio Version 16
VisualStudioVersion = 16.6.30114.105
MinimumVisualStudioVersion = 10.0.40219.1
Project("{FAE04EC0-301F-11D3-BF4B-00C04F79EFBC}") = "MosPracWebApp", "MosPracWebApp\MosPracWebApp.csproj", "{66B6BED0-874F-4C7E-959B-509F7F4801CD}"
EndProject
Project("{FAE04EC0-301F-11D3-BF4B-00C04F79EFBC}") = "MosPracWebApp.Tests", "MosPracWebApp.Tests\MosPracWebApp.Tests.csproj", "{0C684840-9C88-4758-B17C-1666D2C09F24}"
EndProject
Global
	GlobalSection(SolutionConfigurationPlatforms) = preSolution
		Debug|Any CPU = Debug|Any CPU
		Debug|x64 = Debug|x64
		Debug|x86 = Debug|x86
		Release|Any CPU = Release|Any CPU
		Release|x64 = Release|x64
		Release|x86 = Release|x86
	EndGlobalSection
	GlobalSection(SolutionProperties) = preSolution
		HideSolutionNode = FALSE
	EndGlobalSection
	GlobalSection(ProjectConfigurationPlatforms) = postSolution
		{66B6BED0-874F-4C7E-959B-509F7F4801CD}.Debug|Any CPU.ActiveCfg = Debug|Any CPU
		{66B6BED0-874F-4C7E-959B-509F7F4801CD}.Debug|Any CPU.Build.0 = Debug|Any CPU
		{66B6BED0-874F-4C7E-959B-509F7F4801CD}.Debug|x64.ActiveCfg = Debug|Any CPU
		{66B6BED0-874F-4C7E-959B-509F7F4801CD}.Debug|x64.Build.0 = Debug|Any CPU
		{66B6BED0-874F-4C7E-959B-509F7F4801CD}.Debug|x86.ActiveCfg = Debug|Any CPU
		{66B6BED0-874F-4C7E-959B-509F7F4801CD}.Debug|x86.Build.0 = Debug|Any CPU
		{66B6BED0-874F-4C7E-959B-509F7F4801CD}.Release|Any CPU.ActiveCfg = Release|Any CPU
		{66B6BED0-874F-4C7E-959B-509F7F4801CD}.Release|Any CPU.Build.0 = Release|Any CPU
		{66B6BED0-874F-4C7E-959B-509F7F4801CD}.Release|x64.ActiveCfg = Release|Any CPU
		{66B6BED0-874F-4C7E-959B-509F7F4801CD}.Release|x64.Build.0 = Release|Any CPU
		{66B6BED0-874F-4C7E-959B-509F7F4801CD}.Release|x86.ActiveCfg = Release|Any CPU
		{66B6BED0-874F-4C7E-959B-509F7F4801CD}.Release|x86.Build.0 = Release|Any CPU
		{0C684840-9C88-4758-B17C-1666D2C09F24}.Debug|Any CPU.ActiveCfg = Debug|Any CPU
		{0C684840-9C88-4758-B17C-1666D2C09F24}.Debug|Any CPU.Build.0 = Debug|Any CPU
		{0C684840-9C88-4758-B17C-1666D2C09F24}.Debug|x64.ActiveCfg = Debug|Any CPU
		{0C684840-9C88-4758-B17C-1666D2C09F24}.Debug|x64.Build.0 = Debug|Any CPU
		{0C684840-9C88-4758-B17C-1666D2C09F24}.Debug|x86.ActiveCfg = Debug|Any CPU
		{0C684840-9C88-4758-B17C-1666D2C09F24}.Debug|x86.Build.0 = Debug|Any CPU
		{0C684840-9C88-4758-B17C-1666D2C09F24}.Release|Any CPU.ActiveCfg = Release|Any CPU
		{0C684840-9C88-4758-B17C-1666D2C09F24}.Release|Any CPU.Build.0 = Release|Any CPU
		{0C684840-9C88-4758-B17C-1666D2C09F24}.Release|x64.ActiveCfg = Release|Any CPU
		{0C684840-9C88-4758-B17C-1666D2C09F24}.Release|x64.Build.0 = Release|Any CPU
		{0C684840-9C88-4758-B17C-1666D2C09F24}.Release|x86.ActiveCfg = Release|Any CPU
		{0C684840-9C88-4758-B17C-1666D2C09F24}.Release|x86.Build.0 = Release|Any CPU
	EndGlobalSection
EndGlobal
